// !$*UTF8*$!
{
	archiveVersion = 1;
	classes = {
	};
	objectVersion = 46;
	objects = {

/* Begin PBXBuildFile section */
		B0C7C3D71ED5C0EAADAC675F /* PlickersPollQuestionResponse.m in Sources */ = {isa = PBXBuildFile; fileRef = B0C7C621B43E41DEB392FDAC /* PlickersPollQuestionResponse.m */; };
		B0C7C84FD536A109523CE0AD /* PlickersPollStudent.m in Sources */ = {isa = PBXBuildFile; fileRef = B0C7C3C44795554921BF303F /* PlickersPollStudent.m */; };
		B0C7CC796C02323EBCB25BB2 /* PlickersPollStudentResponse.m in Sources */ = {isa = PBXBuildFile; fileRef = B0C7C128E2520AACFD262EF2 /* PlickersPollStudentResponse.m */; };
		B0C7CD76347E98D0C0461367 /* PlickersStudentTableViewCell.m in Sources */ = {isa = PBXBuildFile; fileRef = B0C7CF30D98663D3BBB19B2A /* PlickersStudentTableViewCell.m */; };
		B0C7CD7A504D8B9EEB33CA13 /* PlickersServerApiCommand+Factory.m in Sources */ = {isa = PBXBuildFile; fileRef = B0C7CAACF99007126E24D137 /* PlickersServerApiCommand+Factory.m */; };
		B0C7CED976E9F89BBFC80F40 /* PlickersPollSection.m in Sources */ = {isa = PBXBuildFile; fileRef = B0C7C862E59B6D119C0EC7E0 /* PlickersPollSection.m */; };
		B0C7CF211B6EF90FA238CA50 /* UIKit.framework in Frameworks */ = {isa = PBXBuildFile; fileRef = B0C7C27E08BBA3EC004FA738 /* UIKit.framework */; };
		D91677471C69A71B00A991FD /* main.m in Sources */ = {isa = PBXBuildFile; fileRef = D91677461C69A71B00A991FD /* main.m */; };
		D916774A1C69A71B00A991FD /* AppDelegate.m in Sources */ = {isa = PBXBuildFile; fileRef = D91677491C69A71B00A991FD /* AppDelegate.m */; };
		D916774D1C69A71B00A991FD /* MasterViewController.m in Sources */ = {isa = PBXBuildFile; fileRef = D916774C1C69A71B00A991FD /* MasterViewController.m */; };
		D91677501C69A71B00A991FD /* DetailViewController.m in Sources */ = {isa = PBXBuildFile; fileRef = D916774F1C69A71B00A991FD /* DetailViewController.m */; };
		D91677531C69A71B00A991FD /* Main.storyboard in Resources */ = {isa = PBXBuildFile; fileRef = D91677511C69A71B00A991FD /* Main.storyboard */; };
		D91677551C69A71B00A991FD /* Assets.xcassets in Resources */ = {isa = PBXBuildFile; fileRef = D91677541C69A71B00A991FD /* Assets.xcassets */; };
		D91677581C69A71C00A991FD /* LaunchScreen.storyboard in Resources */ = {isa = PBXBuildFile; fileRef = D91677561C69A71C00A991FD /* LaunchScreen.storyboard */; };
		D9EDFAFB1C69A7C400D18643 /* PlickersPollDataSource.m in Sources */ = {isa = PBXBuildFile; fileRef = D9EDFAFA1C69A7C400D18643 /* PlickersPollDataSource.m */; };
		D9EDFB021C69AA8F00D18643 /* PlickersServerApiCommand.m in Sources */ = {isa = PBXBuildFile; fileRef = D9EDFB011C69AA8F00D18643 /* PlickersServerApiCommand.m */; };
		D9EDFB051C69AAC000D18643 /* PlickersServerSourceInterview.m in Sources */ = {isa = PBXBuildFile; fileRef = D9EDFB041C69AAC000D18643 /* PlickersServerSourceInterview.m */; };
		D9EDFB0A1C69AF8400D18643 /* PlickersServerApiCommandPoll.m in Sources */ = {isa = PBXBuildFile; fileRef = D9EDFB091C69AF8400D18643 /* PlickersServerApiCommandPoll.m */; };
		D9EDFB0E1C69BE3A00D18643 /* PlickersPoll.m in Sources */ = {isa = PBXBuildFile; fileRef = D9EDFB0D1C69BE3A00D18643 /* PlickersPoll.m */; };
		D9EDFB111C69C19900D18643 /* PlickersPollQuestion.m in Sources */ = {isa = PBXBuildFile; fileRef = D9EDFB101C69C19900D18643 /* PlickersPollQuestion.m */; };
		D9EDFB141C69C24B00D18643 /* PlickersPollQuestionChoice.m in Sources */ = {isa = PBXBuildFile; fileRef = D9EDFB131C69C24B00D18643 /* PlickersPollQuestionChoice.m */; };
/* End PBXBuildFile section */

/* Begin PBXFileReference section */
		B0C7C0FAD6562F534BF1AD4E /* PlickersPollDataSourceDelegate.h */ = {isa = PBXFileReference; fileEncoding = 4; lastKnownFileType = sourcecode.c.h; path = PlickersPollDataSourceDelegate.h; sourceTree = "<group>"; };
		B0C7C128E2520AACFD262EF2 /* PlickersPollStudentResponse.m */ = {isa = PBXFileReference; fileEncoding = 4; lastKnownFileType = sourcecode.c.objc; path = PlickersPollStudentResponse.m; sourceTree = "<group>"; };
		B0C7C1BF053765ACF02F2942 /* PlickersServerApiCommand+Factory.h */ = {isa = PBXFileReference; fileEncoding = 4; lastKnownFileType = sourcecode.c.h; path = "PlickersServerApiCommand+Factory.h"; sourceTree = "<group>"; };
		B0C7C269EDAEE76ACCBC26EC /* PlickersPollStudent.h */ = {isa = PBXFileReference; fileEncoding = 4; lastKnownFileType = sourcecode.c.h; path = PlickersPollStudent.h; sourceTree = "<group>"; };
		B0C7C27E08BBA3EC004FA738 /* UIKit.framework */ = {isa = PBXFileReference; lastKnownFileType = wrapper.framework; name = UIKit.framework; path = System/Library/Frameworks/UIKit.framework; sourceTree = SDKROOT; };
		B0C7C3C44795554921BF303F /* PlickersPollStudent.m */ = {isa = PBXFileReference; fileEncoding = 4; lastKnownFileType = sourcecode.c.objc; path = PlickersPollStudent.m; sourceTree = "<group>"; };
		B0C7C515F7352281BF4A7C42 /* PlickersPollSection.h */ = {isa = PBXFileReference; fileEncoding = 4; lastKnownFileType = sourcecode.c.h; path = PlickersPollSection.h; sourceTree = "<group>"; };
		B0C7C621B43E41DEB392FDAC /* PlickersPollQuestionResponse.m */ = {isa = PBXFileReference; fileEncoding = 4; lastKnownFileType = sourcecode.c.objc; path = PlickersPollQuestionResponse.m; sourceTree = "<group>"; };
		B0C7C7308A29984BE563FDCF /* PlickersStudentTableViewCell.h */ = {isa = PBXFileReference; fileEncoding = 4; lastKnownFileType = sourcecode.c.h; path = PlickersStudentTableViewCell.h; sourceTree = "<group>"; };
		B0C7C862E59B6D119C0EC7E0 /* PlickersPollSection.m */ = {isa = PBXFileReference; fileEncoding = 4; lastKnownFileType = sourcecode.c.objc; path = PlickersPollSection.m; sourceTree = "<group>"; };
		B0C7C8A2643B532459FE45CE /* PlickersPollStudentResponse.h */ = {isa = PBXFileReference; fileEncoding = 4; lastKnownFileType = sourcecode.c.h; path = PlickersPollStudentResponse.h; sourceTree = "<group>"; };
		B0C7CAACF99007126E24D137 /* PlickersServerApiCommand+Factory.m */ = {isa = PBXFileReference; fileEncoding = 4; lastKnownFileType = sourcecode.c.objc; path = "PlickersServerApiCommand+Factory.m"; sourceTree = "<group>"; };
		B0C7CF30D98663D3BBB19B2A /* PlickersStudentTableViewCell.m */ = {isa = PBXFileReference; fileEncoding = 4; lastKnownFileType = sourcecode.c.objc; path = PlickersStudentTableViewCell.m; sourceTree = "<group>"; };
		B0C7CFDEC1C3485CADD351F5 /* PlickersPollQuestionResponse.h */ = {isa = PBXFileReference; fileEncoding = 4; lastKnownFileType = sourcecode.c.h; path = PlickersPollQuestionResponse.h; sourceTree = "<group>"; };
		D91677421C69A71B00A991FD /* Plickers.app */ = {isa = PBXFileReference; explicitFileType = wrapper.application; includeInIndex = 0; path = Plickers.app; sourceTree = BUILT_PRODUCTS_DIR; };
		D91677461C69A71B00A991FD /* main.m */ = {isa = PBXFileReference; lastKnownFileType = sourcecode.c.objc; path = main.m; sourceTree = "<group>"; };
		D91677481C69A71B00A991FD /* AppDelegate.h */ = {isa = PBXFileReference; lastKnownFileType = sourcecode.c.h; path = AppDelegate.h; sourceTree = "<group>"; };
		D91677491C69A71B00A991FD /* AppDelegate.m */ = {isa = PBXFileReference; lastKnownFileType = sourcecode.c.objc; path = AppDelegate.m; sourceTree = "<group>"; };
		D916774B1C69A71B00A991FD /* MasterViewController.h */ = {isa = PBXFileReference; lastKnownFileType = sourcecode.c.h; path = MasterViewController.h; sourceTree = "<group>"; };
		D916774C1C69A71B00A991FD /* MasterViewController.m */ = {isa = PBXFileReference; lastKnownFileType = sourcecode.c.objc; path = MasterViewController.m; sourceTree = "<group>"; };
		D916774E1C69A71B00A991FD /* DetailViewController.h */ = {isa = PBXFileReference; lastKnownFileType = sourcecode.c.h; path = DetailViewController.h; sourceTree = "<group>"; };
		D916774F1C69A71B00A991FD /* DetailViewController.m */ = {isa = PBXFileReference; lastKnownFileType = sourcecode.c.objc; path = DetailViewController.m; sourceTree = "<group>"; };
		D91677521C69A71B00A991FD /* Base */ = {isa = PBXFileReference; lastKnownFileType = file.storyboard; name = Base; path = Base.lproj/Main.storyboard; sourceTree = "<group>"; };
		D91677541C69A71B00A991FD /* Assets.xcassets */ = {isa = PBXFileReference; lastKnownFileType = folder.assetcatalog; path = Assets.xcassets; sourceTree = "<group>"; };
		D91677571C69A71C00A991FD /* Base */ = {isa = PBXFileReference; lastKnownFileType = file.storyboard; name = Base; path = Base.lproj/LaunchScreen.storyboard; sourceTree = "<group>"; };
		D91677591C69A71C00A991FD /* Info.plist */ = {isa = PBXFileReference; lastKnownFileType = text.plist.xml; path = Info.plist; sourceTree = "<group>"; };
		D9EDFAF91C69A7C400D18643 /* PlickersPollDataSource.h */ = {isa = PBXFileReference; fileEncoding = 4; lastKnownFileType = sourcecode.c.h; name = PlickersPollDataSource.h; path = "Data Source/PlickersPollDataSource.h"; sourceTree = "<group>"; };
		D9EDFAFA1C69A7C400D18643 /* PlickersPollDataSource.m */ = {isa = PBXFileReference; fileEncoding = 4; lastKnownFileType = sourcecode.c.objc; name = PlickersPollDataSource.m; path = "Data Source/PlickersPollDataSource.m"; sourceTree = "<group>"; };
		D9EDFAFF1C69AA3300D18643 /* PlickersServerSource.h */ = {isa = PBXFileReference; fileEncoding = 4; lastKnownFileType = sourcecode.c.h; name = PlickersServerSource.h; path = "Data Source/Plickers Server Source/PlickersServerSource.h"; sourceTree = "<group>"; };
		D9EDFB001C69AA8F00D18643 /* PlickersServerApiCommand.h */ = {isa = PBXFileReference; fileEncoding = 4; lastKnownFileType = sourcecode.c.h; name = PlickersServerApiCommand.h; path = "Data Source/Plickers Server API Commands/PlickersServerApiCommand.h"; sourceTree = "<group>"; };
		D9EDFB011C69AA8F00D18643 /* PlickersServerApiCommand.m */ = {isa = PBXFileReference; fileEncoding = 4; lastKnownFileType = sourcecode.c.objc; name = PlickersServerApiCommand.m; path = "Data Source/Plickers Server API Commands/PlickersServerApiCommand.m"; sourceTree = "<group>"; };
		D9EDFB031C69AAC000D18643 /* PlickersServerSourceInterview.h */ = {isa = PBXFileReference; fileEncoding = 4; lastKnownFileType = sourcecode.c.h; name = PlickersServerSourceInterview.h; path = "Data Source/Plickers Server Source/PlickersServerSourceInterview.h"; sourceTree = "<group>"; };
		D9EDFB041C69AAC000D18643 /* PlickersServerSourceInterview.m */ = {isa = PBXFileReference; fileEncoding = 4; lastKnownFileType = sourcecode.c.objc; name = PlickersServerSourceInterview.m; path = "Data Source/Plickers Server Source/PlickersServerSourceInterview.m"; sourceTree = "<group>"; };
		D9EDFB081C69AF8400D18643 /* PlickersServerApiCommandPoll.h */ = {isa = PBXFileReference; fileEncoding = 4; lastKnownFileType = sourcecode.c.h; name = PlickersServerApiCommandPoll.h; path = "Data Source/Plickers Server API Commands/PlickersServerApiCommandPoll.h"; sourceTree = "<group>"; };
		D9EDFB091C69AF8400D18643 /* PlickersServerApiCommandPoll.m */ = {isa = PBXFileReference; fileEncoding = 4; lastKnownFileType = sourcecode.c.objc; name = PlickersServerApiCommandPoll.m; path = "Data Source/Plickers Server API Commands/PlickersServerApiCommandPoll.m"; sourceTree = "<group>"; };
		D9EDFB0B1C69AFDC00D18643 /* PlickersServerApiCommandDelegate.h */ = {isa = PBXFileReference; fileEncoding = 4; lastKnownFileType = sourcecode.c.h; name = PlickersServerApiCommandDelegate.h; path = "Data Source/Plickers Server API Commands/PlickersServerApiCommandDelegate.h"; sourceTree = "<group>"; };
		D9EDFB0C1C69BE3A00D18643 /* PlickersPoll.h */ = {isa = PBXFileReference; fileEncoding = 4; lastKnownFileType = sourcecode.c.h; name = PlickersPoll.h; path = "Poll Data/PlickersPoll.h"; sourceTree = "<group>"; };
		D9EDFB0D1C69BE3A00D18643 /* PlickersPoll.m */ = {isa = PBXFileReference; fileEncoding = 4; lastKnownFileType = sourcecode.c.objc; name = PlickersPoll.m; path = "Poll Data/PlickersPoll.m"; sourceTree = "<group>"; };
		D9EDFB0F1C69C19900D18643 /* PlickersPollQuestion.h */ = {isa = PBXFileReference; fileEncoding = 4; lastKnownFileType = sourcecode.c.h; name = PlickersPollQuestion.h; path = "Poll Data/PlickersPollQuestion.h"; sourceTree = "<group>"; };
		D9EDFB101C69C19900D18643 /* PlickersPollQuestion.m */ = {isa = PBXFileReference; fileEncoding = 4; lastKnownFileType = sourcecode.c.objc; name = PlickersPollQuestion.m; path = "Poll Data/PlickersPollQuestion.m"; sourceTree = "<group>"; };
		D9EDFB121C69C24B00D18643 /* PlickersPollQuestionChoice.h */ = {isa = PBXFileReference; fileEncoding = 4; lastKnownFileType = sourcecode.c.h; name = PlickersPollQuestionChoice.h; path = "Poll Data/PlickersPollQuestionChoice.h"; sourceTree = "<group>"; };
		D9EDFB131C69C24B00D18643 /* PlickersPollQuestionChoice.m */ = {isa = PBXFileReference; fileEncoding = 4; lastKnownFileType = sourcecode.c.objc; name = PlickersPollQuestionChoice.m; path = "Poll Data/PlickersPollQuestionChoice.m"; sourceTree = "<group>"; };
/* End PBXFileReference section */

/* Begin PBXFrameworksBuildPhase section */
		D916773F1C69A71B00A991FD /* Frameworks */ = {
			isa = PBXFrameworksBuildPhase;
			buildActionMask = 2147483647;
			files = (
				B0C7CF211B6EF90FA238CA50 /* UIKit.framework in Frameworks */,
			);
			runOnlyForDeploymentPostprocessing = 0;
		};
/* End PBXFrameworksBuildPhase section */

/* Begin PBXGroup section */
		B0C7C92E07558DF60EFA1563 /* Views */ = {
			isa = PBXGroup;
			children = (
				B0C7CF30D98663D3BBB19B2A /* PlickersStudentTableViewCell.m */,
				B0C7C7308A29984BE563FDCF /* PlickersStudentTableViewCell.h */,
			);
			path = Views;
			sourceTree = "<group>";
		};
		B0C7CD4FF746B64C8774DE2B /* Frameworks */ = {
			isa = PBXGroup;
			children = (
				B0C7C27E08BBA3EC004FA738 /* UIKit.framework */,
			);
			name = Frameworks;
			sourceTree = "<group>";
		};
		D91677391C69A71B00A991FD = {
			isa = PBXGroup;
			children = (
				D91677441C69A71B00A991FD /* Plickers */,
				D91677431C69A71B00A991FD /* Products */,
				B0C7CD4FF746B64C8774DE2B /* Frameworks */,
			);
			sourceTree = "<group>";
		};
		D91677431C69A71B00A991FD /* Products */ = {
			isa = PBXGroup;
			children = (
				D91677421C69A71B00A991FD /* Plickers.app */,
			);
			name = Products;
			sourceTree = "<group>";
		};
		D91677441C69A71B00A991FD /* Plickers */ = {
			isa = PBXGroup;
			children = (
				D9EDFAF81C69A78700D18643 /* Data Source */,
				D91677481C69A71B00A991FD /* AppDelegate.h */,
				D91677491C69A71B00A991FD /* AppDelegate.m */,
				D916774B1C69A71B00A991FD /* MasterViewController.h */,
				D916774C1C69A71B00A991FD /* MasterViewController.m */,
				D916774E1C69A71B00A991FD /* DetailViewController.h */,
				D916774F1C69A71B00A991FD /* DetailViewController.m */,
				D91677511C69A71B00A991FD /* Main.storyboard */,
				D91677541C69A71B00A991FD /* Assets.xcassets */,
				D91677561C69A71C00A991FD /* LaunchScreen.storyboard */,
				D91677591C69A71C00A991FD /* Info.plist */,
				D91677451C69A71B00A991FD /* Supporting Files */,
				B0C7C92E07558DF60EFA1563 /* Views */,
			);
			path = Plickers;
			sourceTree = "<group>";
		};
		D91677451C69A71B00A991FD /* Supporting Files */ = {
			isa = PBXGroup;
			children = (
				D91677461C69A71B00A991FD /* main.m */,
			);
			name = "Supporting Files";
			sourceTree = "<group>";
		};
		D9EDFAF81C69A78700D18643 /* Data Source */ = {
			isa = PBXGroup;
			children = (
				D9EDFAFE1C69AA0800D18643 /* Plickers Server Source */,
				D9EDFAFD1C69A9CD00D18643 /* Plickers API Commands */,
				D9EDFAFC1C69A82F00D18643 /* Poll Data */,
				D9EDFAF91C69A7C400D18643 /* PlickersPollDataSource.h */,
				D9EDFAFA1C69A7C400D18643 /* PlickersPollDataSource.m */,
				B0C7C0FAD6562F534BF1AD4E /* PlickersPollDataSourceDelegate.h */,
			);
			name = "Data Source";
			sourceTree = "<group>";
		};
		D9EDFAFC1C69A82F00D18643 /* Poll Data */ = {
			isa = PBXGroup;
			children = (
				D9EDFB0C1C69BE3A00D18643 /* PlickersPoll.h */,
				D9EDFB0D1C69BE3A00D18643 /* PlickersPoll.m */,
				D9EDFB0F1C69C19900D18643 /* PlickersPollQuestion.h */,
				D9EDFB101C69C19900D18643 /* PlickersPollQuestion.m */,
				D9EDFB121C69C24B00D18643 /* PlickersPollQuestionChoice.h */,
				D9EDFB131C69C24B00D18643 /* PlickersPollQuestionChoice.m */,
				B0C7C621B43E41DEB392FDAC /* PlickersPollQuestionResponse.m */,
				B0C7CFDEC1C3485CADD351F5 /* PlickersPollQuestionResponse.h */,
				B0C7C3C44795554921BF303F /* PlickersPollStudent.m */,
				B0C7C269EDAEE76ACCBC26EC /* PlickersPollStudent.h */,
				B0C7C128E2520AACFD262EF2 /* PlickersPollStudentResponse.m */,
				B0C7C8A2643B532459FE45CE /* PlickersPollStudentResponse.h */,
				B0C7C862E59B6D119C0EC7E0 /* PlickersPollSection.m */,
				B0C7C515F7352281BF4A7C42 /* PlickersPollSection.h */,
			);
			name = "Poll Data";
			sourceTree = "<group>";
		};
		D9EDFAFD1C69A9CD00D18643 /* Plickers API Commands */ = {
			isa = PBXGroup;
			children = (
				D9EDFB001C69AA8F00D18643 /* PlickersServerApiCommand.h */,
				D9EDFB011C69AA8F00D18643 /* PlickersServerApiCommand.m */,
				D9EDFB081C69AF8400D18643 /* PlickersServerApiCommandPoll.h */,
				D9EDFB091C69AF8400D18643 /* PlickersServerApiCommandPoll.m */,
				D9EDFB0B1C69AFDC00D18643 /* PlickersServerApiCommandDelegate.h */,
				B0C7CAACF99007126E24D137 /* PlickersServerApiCommand+Factory.m */,
				B0C7C1BF053765ACF02F2942 /* PlickersServerApiCommand+Factory.h */,
			);
			name = "Plickers API Commands";
			sourceTree = "<group>";
		};
		D9EDFAFE1C69AA0800D18643 /* Plickers Server Source */ = {
			isa = PBXGroup;
			children = (
				D9EDFAFF1C69AA3300D18643 /* PlickersServerSource.h */,
				D9EDFB031C69AAC000D18643 /* PlickersServerSourceInterview.h */,
				D9EDFB041C69AAC000D18643 /* PlickersServerSourceInterview.m */,
			);
			name = "Plickers Server Source";
			sourceTree = "<group>";
		};
/* End PBXGroup section */

/* Begin PBXNativeTarget section */
		D91677411C69A71B00A991FD /* Plickers */ = {
			isa = PBXNativeTarget;
			buildConfigurationList = D916775C1C69A71C00A991FD /* Build configuration list for PBXNativeTarget "Plickers" */;
			buildPhases = (
				D916773E1C69A71B00A991FD /* Sources */,
				D916773F1C69A71B00A991FD /* Frameworks */,
				D91677401C69A71B00A991FD /* Resources */,
			);
			buildRules = (
			);
			dependencies = (
			);
			name = Plickers;
			productName = Plickers;
			productReference = D91677421C69A71B00A991FD /* Plickers.app */;
			productType = "com.apple.product-type.application";
		};
/* End PBXNativeTarget section */

/* Begin PBXProject section */
		D916773A1C69A71B00A991FD /* Project object */ = {
			isa = PBXProject;
			attributes = {
				LastUpgradeCheck = 0720;
				ORGANIZATIONNAME = "Michael Selevan";
				TargetAttributes = {
					D91677411C69A71B00A991FD = {
						CreatedOnToolsVersion = 7.2.1;
					};
				};
			};
			buildConfigurationList = D916773D1C69A71B00A991FD /* Build configuration list for PBXProject "Plickers" */;
			compatibilityVersion = "Xcode 3.2";
			developmentRegion = English;
			hasScannedForEncodings = 0;
			knownRegions = (
				en,
				Base,
			);
			mainGroup = D91677391C69A71B00A991FD;
			productRefGroup = D91677431C69A71B00A991FD /* Products */;
			projectDirPath = "";
			projectRoot = "";
			targets = (
				D91677411C69A71B00A991FD /* Plickers */,
			);
		};
/* End PBXProject section */

/* Begin PBXResourcesBuildPhase section */
		D91677401C69A71B00A991FD /* Resources */ = {
			isa = PBXResourcesBuildPhase;
			buildActionMask = 2147483647;
			files = (
				D91677581C69A71C00A991FD /* LaunchScreen.storyboard in Resources */,
				D91677551C69A71B00A991FD /* Assets.xcassets in Resources */,
				D91677531C69A71B00A991FD /* Main.storyboard in Resources */,
			);
			runOnlyForDeploymentPostprocessing = 0;
		};
/* End PBXResourcesBuildPhase section */

/* Begin PBXSourcesBuildPhase section */
		D916773E1C69A71B00A991FD /* Sources */ = {
			isa = PBXSourcesBuildPhase;
			buildActionMask = 2147483647;
			files = (
				D9EDFB0E1C69BE3A00D18643 /* PlickersPoll.m in Sources */,
				D9EDFB111C69C19900D18643 /* PlickersPollQuestion.m in Sources */,
				D9EDFB141C69C24B00D18643 /* PlickersPollQuestionChoice.m in Sources */,
				D916774A1C69A71B00A991FD /* AppDelegate.m in Sources */,
				D916774D1C69A71B00A991FD /* MasterViewController.m in Sources */,
				D9EDFB051C69AAC000D18643 /* PlickersServerSourceInterview.m in Sources */,
				D9EDFB021C69AA8F00D18643 /* PlickersServerApiCommand.m in Sources */,
				D91677471C69A71B00A991FD /* main.m in Sources */,
				D9EDFB0A1C69AF8400D18643 /* PlickersServerApiCommandPoll.m in Sources */,
				D91677501C69A71B00A991FD /* DetailViewController.m in Sources */,
				D9EDFAFB1C69A7C400D18643 /* PlickersPollDataSource.m in Sources */,
				B0C7C3D71ED5C0EAADAC675F /* PlickersPollQuestionResponse.m in Sources */,
				B0C7CD7A504D8B9EEB33CA13 /* PlickersServerApiCommand+Factory.m in Sources */,
				B0C7C84FD536A109523CE0AD /* PlickersPollStudent.m in Sources */,
				B0C7CC796C02323EBCB25BB2 /* PlickersPollStudentResponse.m in Sources */,
				B0C7CED976E9F89BBFC80F40 /* PlickersPollSection.m in Sources */,
				B0C7CD76347E98D0C0461367 /* PlickersStudentTableViewCell.m in Sources */,
			);
			runOnlyForDeploymentPostprocessing = 0;
		};
/* End PBXSourcesBuildPhase section */

/* Begin PBXVariantGroup section */
		D91677511C69A71B00A991FD /* Main.storyboard */ = {
			isa = PBXVariantGroup;
			children = (
				D91677521C69A71B00A991FD /* Base */,
			);
			name = Main.storyboard;
			sourceTree = "<group>";
		};
		D91677561C69A71C00A991FD /* LaunchScreen.storyboard */ = {
			isa = PBXVariantGroup;
			children = (
				D91677571C69A71C00A991FD /* Base */,
			);
			name = LaunchScreen.storyboard;
			sourceTree = "<group>";
		};
/* End PBXVariantGroup section */

/* Begin XCBuildConfiguration section */
		D916775A1C69A71C00A991FD /* Debug */ = {
			isa = XCBuildConfiguration;
			buildSettings = {
				ALWAYS_SEARCH_USER_PATHS = NO;
				CLANG_CXX_LANGUAGE_STANDARD = "gnu++0x";
				CLANG_CXX_LIBRARY = "libc++";
				CLANG_ENABLE_MODULES = YES;
				CLANG_ENABLE_OBJC_ARC = YES;
				CLANG_WARN_BOOL_CONVERSION = YES;
				CLANG_WARN_CONSTANT_CONVERSION = YES;
				CLANG_WARN_DIRECT_OBJC_ISA_USAGE = YES_ERROR;
				CLANG_WARN_EMPTY_BODY = YES;
				CLANG_WARN_ENUM_CONVERSION = YES;
				CLANG_WARN_INT_CONVERSION = YES;
				CLANG_WARN_OBJC_ROOT_CLASS = YES_ERROR;
				CLANG_WARN_UNREACHABLE_CODE = YES;
				CLANG_WARN__DUPLICATE_METHOD_MATCH = YES;
				"CODE_SIGN_IDENTITY[sdk=iphoneos*]" = "iPhone Developer";
				COPY_PHASE_STRIP = NO;
				DEBUG_INFORMATION_FORMAT = dwarf;
				ENABLE_STRICT_OBJC_MSGSEND = YES;
				ENABLE_TESTABILITY = YES;
				GCC_C_LANGUAGE_STANDARD = gnu99;
				GCC_DYNAMIC_NO_PIC = NO;
				GCC_NO_COMMON_BLOCKS = YES;
				GCC_OPTIMIZATION_LEVEL = 0;
				GCC_PREPROCESSOR_DEFINITIONS = (
					"DEBUG=1",
					"$(inherited)",
				);
				GCC_WARN_64_TO_32_BIT_CONVERSION = YES;
				GCC_WARN_ABOUT_RETURN_TYPE = YES_ERROR;
				GCC_WARN_UNDECLARED_SELECTOR = YES;
				GCC_WARN_UNINITIALIZED_AUTOS = YES_AGGRESSIVE;
				GCC_WARN_UNUSED_FUNCTION = YES;
				GCC_WARN_UNUSED_VARIABLE = YES;
				IPHONEOS_DEPLOYMENT_TARGET = 9.2;
				MTL_ENABLE_DEBUG_INFO = YES;
				ONLY_ACTIVE_ARCH = YES;
				SDKROOT = iphoneos;
				TARGETED_DEVICE_FAMILY = "1,2";
			};
			name = Debug;
		};
		D916775B1C69A71C00A991FD /* Release */ = {
			isa = XCBuildConfiguration;
			buildSettings = {
				ALWAYS_SEARCH_USER_PATHS = NO;
				CLANG_CXX_LANGUAGE_STANDARD = "gnu++0x";
				CLANG_CXX_LIBRARY = "libc++";
				CLANG_ENABLE_MODULES = YES;
				CLANG_ENABLE_OBJC_ARC = YES;
				CLANG_WARN_BOOL_CONVERSION = YES;
				CLANG_WARN_CONSTANT_CONVERSION = YES;
				CLANG_WARN_DIRECT_OBJC_ISA_USAGE = YES_ERROR;
				CLANG_WARN_EMPTY_BODY = YES;
				CLANG_WARN_ENUM_CONVERSION = YES;
				CLANG_WARN_INT_CONVERSION = YES;
				CLANG_WARN_OBJC_ROOT_CLASS = YES_ERROR;
				CLANG_WARN_UNREACHABLE_CODE = YES;
				CLANG_WARN__DUPLICATE_METHOD_MATCH = YES;
				"CODE_SIGN_IDENTITY[sdk=iphoneos*]" = "iPhone Developer";
				COPY_PHASE_STRIP = NO;
				DEBUG_INFORMATION_FORMAT = "dwarf-with-dsym";
				ENABLE_NS_ASSERTIONS = NO;
				ENABLE_STRICT_OBJC_MSGSEND = YES;
				GCC_C_LANGUAGE_STANDARD = gnu99;
				GCC_NO_COMMON_BLOCKS = YES;
				GCC_WARN_64_TO_32_BIT_CONVERSION = YES;
				GCC_WARN_ABOUT_RETURN_TYPE = YES_ERROR;
				GCC_WARN_UNDECLARED_SELECTOR = YES;
				GCC_WARN_UNINITIALIZED_AUTOS = YES_AGGRESSIVE;
				GCC_WARN_UNUSED_FUNCTION = YES;
				GCC_WARN_UNUSED_VARIABLE = YES;
				IPHONEOS_DEPLOYMENT_TARGET = 9.2;
				MTL_ENABLE_DEBUG_INFO = NO;
				SDKROOT = iphoneos;
				TARGETED_DEVICE_FAMILY = "1,2";
				VALIDATE_PRODUCT = YES;
			};
			name = Release;
		};
		D916775D1C69A71C00A991FD /* Debug */ = {
			isa = XCBuildConfiguration;
			buildSettings = {
				ASSETCATALOG_COMPILER_APPICON_NAME = AppIcon;
				INFOPLIST_FILE = Plickers/Info.plist;
				LD_RUNPATH_SEARCH_PATHS = "$(inherited) @executable_path/Frameworks";
				PRODUCT_BUNDLE_IDENTIFIER = mselevan.Plickers;
				PRODUCT_NAME = "$(TARGET_NAME)";
			};
			name = Debug;
		};
		D916775E1C69A71C00A991FD /* Release */ = {
			isa = XCBuildConfiguration;
			buildSettings = {
				ASSETCATALOG_COMPILER_APPICON_NAME = AppIcon;
				INFOPLIST_FILE = Plickers/Info.plist;
				LD_RUNPATH_SEARCH_PATHS = "$(inherited) @executable_path/Frameworks";
				PRODUCT_BUNDLE_IDENTIFIER = mselevan.Plickers;
				PRODUCT_NAME = "$(TARGET_NAME)";
			};
			name = Release;
		};
/* End XCBuildConfiguration section */

/* Begin XCConfigurationList section */
		D916773D1C69A71B00A991FD /* Build configuration list for PBXProject "Plickers" */ = {
			isa = XCConfigurationList;
			buildConfigurations = (
				D916775A1C69A71C00A991FD /* Debug */,
				D916775B1C69A71C00A991FD /* Release */,
			);
			defaultConfigurationIsVisible = 0;
			defaultConfigurationName = Release;
		};
		D916775C1C69A71C00A991FD /* Build configuration list for PBXNativeTarget "Plickers" */ = {
			isa = XCConfigurationList;
			buildConfigurations = (
				D916775D1C69A71C00A991FD /* Debug */,
				D916775E1C69A71C00A991FD /* Release */,
			);
			defaultConfigurationIsVisible = 0;
			defaultConfigurationName = Release;
		};
/* End XCConfigurationList section */
	};
	rootObject = D916773A1C69A71B00A991FD /* Project object */;
}
